dependencies:
- name: common
  repository: https://charts.bitnami.com/bitnami
  version: 1.11.1
- name: mysql
  repository: https://charts.bitnami.com/bitnami
  version: 8.8.24
- name: redis
  repository: https://charts.bitnami.com/bitnami
  version: 14.6.2
- name: kafka
  repository: https://charts.bitnami.com/bitnami
  version: 12.6.0
digest: sha256:cdc4cec081d72cee20232ee35b903bea5c87ca6d06ebedc080f25f0a379ef07e
generated: "2022-02-25T23:54:25.381778-05:00"
